// !$*UTF8*$!
{
	archiveVersion = 1;
	classes = {
	};
	objectVersion = 56;
	objects = {

/* Begin PBXBuildFile section */
		2259963E2FB4532B00F30E41 /* AlxButton.swift in Sources */ = {isa = PBXBuildFile; fileRef = 2259963D2FB4532B00F30E41 /* AlxButton.swift */; };
		225996402FB45A0100F30E41 /* AlxButtonVariant.swift in Sources */ = {isa = PBXBuildFile; fileRef = 2259963F2FB45A0100F30E41 /* AlxButtonVariant.swift */; };
		227D9B892FB4349500D2E979 /* LoginView.swift in Sources */ = {isa = PBXBuildFile; fileRef = 227D9B882FB4349500D2E979 /* LoginView.swift */; };
		227D9B8D2FB434C500D2E979 /* LoginViewModel.swift in Sources */ = {isa = PBXBuildFile; fileRef = 227D9B8C2FB434C500D2E979 /* LoginViewModel.swift */; };
		227D9B8F2FB434D900D2E979 /* MainView.swift in Sources */ = {isa = PBXBuildFile; fileRef = 227D9B8E2FB434D900D2E979 /* MainView.swift */; };
		227D9B912FB434EC00D2E979 /* MainViewModel.swift in Sources */ = {isa = PBXBuildFile; fileRef = 227D9B902FB434EC00D2E979 /* MainViewModel.swift */; };
		22D231332FB32FF700D8D9F0 /* MY_EC51App.swift in Sources */ = {isa = PBXBuildFile; fileRef = 22D231322FB32FF700D8D9F0 /* MY_EC51App.swift */; };
		22D231352FB32FF700D8D9F0 /* ContentView.swift in Sources */ = {isa = PBXBuildFile; fileRef = 22D231342FB32FF700D8D9F0 /* ContentView.swift */; };
		22D231372FB32FFA00D8D9F0 /* Assets.xcassets in Resources */ = {isa = PBXBuildFile; fileRef = 22D231362FB32FFA00D8D9F0 /* Assets.xcassets */; };
		22D2313A2FB32FFA00D8D9F0 /* Preview Assets.xcassets in Resources */ = {isa = PBXBuildFile; fileRef = 22D231392FB32FFA00D8D9F0 /* Preview Assets.xcassets */; };
/* End PBXBuildFile section */

/* Begin PBXFileReference section */
		2259963D2FB4532B00F30E41 /* AlxButton.swift */ = {isa = PBXFileReference; lastKnownFileType = sourcecode.swift; path = AlxButton.swift; sourceTree = "<group>"; };
		2259963F2FB45A0100F30E41 /* AlxButtonVariant.swift */ = {isa = PBXFileReference; lastKnownFileType = sourcecode.swift; path = AlxButtonVariant.swift; sourceTree = "<group>"; };
		227D9B882FB4349500D2E979 /* LoginView.swift */ = {isa = PBXFileReference; lastKnownFileType = sourcecode.swift; path = LoginView.swift; sourceTree = "<group>"; };
		227D9B8C2FB434C500D2E979 /* LoginViewModel.swift */ = {isa = PBXFileReference; lastKnownFileType = sourcecode.swift; path = LoginViewModel.swift; sourceTree = "<group>"; };
		227D9B8E2FB434D900D2E979 /* MainView.swift */ = {isa = PBXFileReference; lastKnownFileType = sourcecode.swift; path = MainView.swift; sourceTree = "<group>"; };
		227D9B902FB434EC00D2E979 /* MainViewModel.swift */ = {isa = PBXFileReference; lastKnownFileType = sourcecode.swift; path = MainViewModel.swift; sourceTree = "<group>"; };
		22D2312F2FB32FF700D8D9F0 /* MY_EC51.app */ = {isa = PBXFileReference; explicitFileType = wrapper.application; includeInIndex = 0; path = MY_EC51.app; sourceTree = BUILT_PRODUCTS_DIR; };
		22D231322FB32FF700D8D9F0 /* MY_EC51App.swift */ = {isa = PBXFileReference; lastKnownFileType = sourcecode.swift; path = MY_EC51App.swift; sourceTree = "<group>"; };
		22D231342FB32FF700D8D9F0 /* ContentView.swift */ = {isa = PBXFileReference; lastKnownFileType = sourcecode.swift; path = ContentView.swift; sourceTree = "<group>"; };
		22D231362FB32FFA00D8D9F0 /* Assets.xcassets */ = {isa = PBXFileReference; lastKnownFileType = folder.assetcatalog; path = Assets.xcassets; sourceTree = "<group>"; };
		22D231392FB32FFA00D8D9F0 /* Preview Assets.xcassets */ = {isa = PBXFileReference; lastKnownFileType = folder.assetcatalog; path = "Preview Assets.xcassets"; sourceTree = "<group>"; };
/* End PBXFileReference section */

/* Begin PBXFrameworksBuildPhase section */
		22D2312C2FB32FF700D8D9F0 /* Frameworks */ = {
			isa = PBXFrameworksBuildPhase;
			buildActionMask = 2147483647;
			files = (
			);
			runOnlyForDeploymentPostprocessing = 0;
		};
/* End PBXFrameworksBuildPhase section */

/* Begin PBXGroup section */
		227D9B7F2FB4300E00D2E979 /* App */ = {
			isa = PBXGroup;
			children = (
				22D231342FB32FF700D8D9F0 /* ContentView.swift */,
				22D231322FB32FF700D8D9F0 /* MY_EC51App.swift */,
			);
			name = App;
			sourceTree = "<group>";
		};
		227D9B802FB433BA00D2E979 /* Core */ = {
			isa = PBXGroup;
			children = (
				227D9B852FB4343E00D2E979 /* Components */,
				227D9B842FB4340800D2E979 /* Utils */,
				227D9B822FB433D200D2E979 /* Define */,
			);
			path = Core;
			sourceTree = "<group>";
		};
		227D9B812FB433C200D2E979 /* Features */ = {
			isa = PBXGroup;
			children = (
				227D9B872FB4346B00D2E979 /* Main */,
				227D9B862FB4344700D2E979 /* Login */,
			);
			path = Features;
			sourceTree = "<group>";
		};
		227D9B822FB433D200D2E979 /* Define */ = {
			isa = PBXGroup;
			children = (
				2259963F2FB45A0100F30E41 /* AlxButtonVariant.swift */,
			);
			path = Define;
			sourceTree = "<group>";
		};
		227D9B842FB4340800D2E979 /* Utils */ = {
			isa = PBXGroup;
			children = (
			);
			path = Utils;
			sourceTree = "<group>";
		};
		227D9B852FB4343E00D2E979 /* Components */ = {
			isa = PBXGroup;
			children = (
				2259963D2FB4532B00F30E41 /* AlxButton.swift */,
			);
			path = Components;
			sourceTree = "<group>";
		};
		227D9B862FB4344700D2E979 /* Login */ = {
			isa = PBXGroup;
			children = (
				227D9B882FB4349500D2E979 /* LoginView.swift */,
				227D9B8C2FB434C500D2E979 /* LoginViewModel.swift */,
			);
			path = Login;
			sourceTree = "<group>";
		};
		227D9B872FB4346B00D2E979 /* Main */ = {
			isa = PBXGroup;
			children = (
				227D9B8E2FB434D900D2E979 /* MainView.swift */,
				227D9B902FB434EC00D2E979 /* MainViewModel.swift */,
			);
			path = Main;
			sourceTree = "<group>";
		};
		22D231262FB32FF700D8D9F0 = {
			isa = PBXGroup;
			children = (
				22D231312FB32FF700D8D9F0 /* MY_EC51 */,
				22D231302FB32FF700D8D9F0 /* Products */,
			);
			sourceTree = "<group>";
		};
		22D231302FB32FF700D8D9F0 /* Products */ = {
			isa = PBXGroup;
			children = (
				22D2312F2FB32FF700D8D9F0 /* MY_EC51.app */,
			);
			name = Products;
			sourceTree = "<group>";
		};
		22D231312FB32FF700D8D9F0 /* MY_EC51 */ = {
			isa = PBXGroup;
			children = (
				227D9B812FB433C200D2E979 /* Features */,
				227D9B802FB433BA00D2E979 /* Core */,
				227D9B7F2FB4300E00D2E979 /* App */,
				22D231362FB32FFA00D8D9F0 /* Assets.xcassets */,
				22D231382FB32FFA00D8D9F0 /* Preview Content */,
			);
			path = MY_EC51;
			sourceTree = "<group>";
		};
		22D231382FB32FFA00D8D9F0 /* Preview Content */ = {
			isa = PBXGroup;
			children = (
				22D231392FB32FFA00D8D9F0 /* Preview Assets.xcassets */,
			);
			path = "Preview Content";
			sourceTree = "<group>";
		};
/* End PBXGroup section */

/* Begin PBXNativeTarget section */
		22D2312E2FB32FF700D8D9F0 /* MY_EC51 */ = {
			isa = PBXNativeTarget;
			buildConfigurationList = 22D2313D2FB32FFA00D8D9F0 /* Build configuration list for PBXNativeTarget "MY_EC51" */;
			buildPhases = (
				22D2312B2FB32FF700D8D9F0 /* Sources */,
				22D2312C2FB32FF700D8D9F0 /* Frameworks */,
				22D2312D2FB32FF700D8D9F0 /* Resources */,
			);
			buildRules = (
			);
			dependencies = (
			);
			name = MY_EC51;
			productName = MY_EC51;
			productReference = 22D2312F2FB32FF700D8D9F0 /* MY_EC51.app */;
			productType = "com.apple.product-type.application";
		};
/* End PBXNativeTarget section */

/* Begin PBXProject section */
		22D231272FB32FF700D8D9F0 /* Project object */ = {
			isa = PBXProject;
			attributes = {
				BuildIndependentTargetsInParallel = 1;
				LastSwiftUpdateCheck = 1540;
				LastUpgradeCheck = 1540;
				TargetAttributes = {
					22D2312E2FB32FF700D8D9F0 = {
						CreatedOnToolsVersion = 15.4;
					};
				};
			};
			buildConfigurationList = 22D2312A2FB32FF700D8D9F0 /* Build configuration list for PBXProject "MY_EC51" */;
			compatibilityVersion = "Xcode 14.0";
			developmentRegion = en;
			hasScannedForEncodings = 0;
			knownRegions = (
				en,
				Base,
			);
			mainGroup = 22D231262FB32FF700D8D9F0;
			productRefGroup = 22D231302FB32FF700D8D9F0 /* Products */;
			projectDirPath = "";
			projectRoot = "";
			targets = (
				22D2312E2FB32FF700D8D9F0 /* MY_EC51 */,
			);
		};
/* End PBXProject section */

/* Begin PBXResourcesBuildPhase section */
		22D2312D2FB32FF700D8D9F0 /* Resources */ = {
			isa = PBXResourcesBuildPhase;
			buildActionMask = 2147483647;
			files = (
				22D2313A2FB32FFA00D8D9F0 /* Preview Assets.xcassets in Resources */,
				22D231372FB32FFA00D8D9F0 /* Assets.xcassets in Resources */,
			);
			runOnlyForDeploymentPostprocessing = 0;
		};
/* End PBXResourcesBuildPhase section */

/* Begin PBXSourcesBuildPhase section */
		22D2312B2FB32FF700D8D9F0 /* Sources */ = {
			isa = PBXSourcesBuildPhase;
			buildActionMask = 2147483647;
			files = (
				227D9B8D2FB434C500D2E979 /* LoginViewModel.swift in Sources */,
				227D9B892FB4349500D2E979 /* LoginView.swift in Sources */,
				22D231352FB32FF700D8D9F0 /* ContentView.swift in Sources */,
				227D9B8F2FB434D900D2E979 /* MainView.swift in Sources */,
				2259963E2FB4532B00F30E41 /* AlxButton.swift in Sources */,
				225996402FB45A0100F30E41 /* AlxButtonVariant.swift in Sources */,
				22D231332FB32FF700D8D9F0 /* MY_EC51App.swift in Sources */,
				227D9B912FB434EC00D2E979 /* MainViewModel.swift in Sources */,
			);
			runOnlyForDeploymentPostprocessing = 0;
		};
/* End PBXSourcesBuildPhase section */

/* Begin XCBuildConfiguration section */
		22D2313B2FB32FFA00D8D9F0 /* Debug */ = {
			isa = XCBuildConfiguration;
			buildSettings = {
				ALWAYS_SEARCH_USER_PATHS = NO;
				ASSETCATALOG_COMPILER_GENERATE_SWIFT_ASSET_SYMBOL_EXTENSIONS = YES;
				CLANG_ANALYZER_NONNULL = YES;
				CLANG_ANALYZER_NUMBER_OBJECT_CONVERSION = YES_AGGRESSIVE;
				CLANG_CXX_LANGUAGE_STANDARD = "gnu++20";
				CLANG_ENABLE_MODULES = YES;
				CLANG_ENABLE_OBJC_ARC = YES;
				CLANG_ENABLE_OBJC_WEAK = YES;
				CLANG_WARN_BLOCK_CAPTURE_AUTORELEASING = YES;
				CLANG_WARN_BOOL_CONVERSION = YES;
				CLANG_WARN_COMMA = YES;
				CLANG_WARN_CONSTANT_CONVERSION = YES;
				CLANG_WARN_DEPRECATED_OBJC_IMPLEMENTATIONS = YES;
				CLANG_WARN_DIRECT_OBJC_ISA_USAGE = YES_ERROR;
				CLANG_WARN_DOCUMENTATION_COMMENTS = YES;
				CLANG_WARN_EMPTY_BODY = YES;
				CLANG_WARN_ENUM_CONVERSION = YES;
				CLANG_WARN_INFINITE_RECURSION = YES;
				CLANG_WARN_INT_CONVERSION = YES;
				CLANG_WARN_NON_LITERAL_NULL_CONVERSION = YES;
				CLANG_WARN_OBJC_IMPLICIT_RETAIN_SELF = YES;
				CLANG_WARN_OBJC_LITERAL_CONVERSION = YES;
				CLANG_WARN_OBJC_ROOT_CLASS = YES_ERROR;
				CLANG_WARN_QUOTED_INCLUDE_IN_FRAMEWORK_HEADER = YES;
				CLANG_WARN_RANGE_LOOP_ANALYSIS = YES;
				CLANG_WARN_STRICT_PROTOTYPES = YES;
				CLANG_WARN_SUSPICIOUS_MOVE = YES;
				CLANG_WARN_UNGUARDED_AVAILABILITY = YES_AGGRESSIVE;
				CLANG_WARN_UNREACHABLE_CODE = YES;
				CLANG_WARN__DUPLICATE_METHOD_MATCH = YES;
				COPY_PHASE_STRIP = NO;
				DEBUG_INFORMATION_FORMAT = dwarf;
				ENABLE_STRICT_OBJC_MSGSEND = YES;
				ENABLE_TESTABILITY = YES;
				ENABLE_USER_SCRIPT_SANDBOXING = YES;
				GCC_C_LANGUAGE_STANDARD = gnu17;
				GCC_DYNAMIC_NO_PIC = NO;
				GCC_NO_COMMON_BLOCKS = YES;
				GCC_OPTIMIZATION_LEVEL = 0;
				GCC_PREPROCESSOR_DEFINITIONS = (
					"DEBUG=1",
					"$(inherited)",
				);
				GCC_WARN_64_TO_32_BIT_CONVERSION = YES;
				GCC_WARN_ABOUT_RETURN_TYPE = YES_ERROR;
				GCC_WARN_UNDECLARED_SELECTOR = YES;
				GCC_WARN_UNINITIALIZED_AUTOS = YES_AGGRESSIVE;
				GCC_WARN_UNUSED_FUNCTION = YES;
				GCC_WARN_UNUSED_VARIABLE = YES;
				IPHONEOS_DEPLOYMENT_TARGET = 17.5;
				LOCALIZATION_PREFERS_STRING_CATALOGS = YES;
				MTL_ENABLE_DEBUG_INFO = INCLUDE_SOURCE;
				MTL_FAST_MATH = YES;
				ONLY_ACTIVE_ARCH = YES;
				SDKROOT = iphoneos;
				SWIFT_ACTIVE_COMPILATION_CONDITIONS = "DEBUG $(inherited)";
				SWIFT_OPTIMIZATION_LEVEL = "-Onone";
			};
			name = Debug;
		};
		22D2313C2FB32FFA00D8D9F0 /* Release */ = {
			isa = XCBuildConfiguration;
			buildSettings = {
				ALWAYS_SEARCH_USER_PATHS = NO;
				ASSETCATALOG_COMPILER_GENERATE_SWIFT_ASSET_SYMBOL_EXTENSIONS = YES;
				CLANG_ANALYZER_NONNULL = YES;
				CLANG_ANALYZER_NUMBER_OBJECT_CONVERSION = YES_AGGRESSIVE;
				CLANG_CXX_LANGUAGE_STANDARD = "gnu++20";
				CLANG_ENABLE_MODULES = YES;
				CLANG_ENABLE_OBJC_ARC = YES;
				CLANG_ENABLE_OBJC_WEAK = YES;
				CLANG_WARN_BLOCK_CAPTURE_AUTORELEASING = YES;
				CLANG_WARN_BOOL_CONVERSION = YES;
				CLANG_WARN_COMMA = YES;
				CLANG_WARN_CONSTANT_CONVERSION = YES;
				CLANG_WARN_DEPRECATED_OBJC_IMPLEMENTATIONS = YES;
				CLANG_WARN_DIRECT_OBJC_ISA_USAGE = YES_ERROR;
				CLANG_WARN_DOCUMENTATION_COMMENTS = YES;
				CLANG_WARN_EMPTY_BODY = YES;
				CLANG_WARN_ENUM_CONVERSION = YES;
				CLANG_WARN_INFINITE_RECURSION = YES;
				CLANG_WARN_INT_CONVERSION = YES;
				CLANG_WARN_NON_LITERAL_NULL_CONVERSION = YES;
				CLANG_WARN_OBJC_IMPLICIT_RETAIN_SELF = YES;
				CLANG_WARN_OBJC_LITERAL_CONVERSION = YES;
				CLANG_WARN_OBJC_ROOT_CLASS = YES_ERROR;
				CLANG_WARN_QUOTED_INCLUDE_IN_FRAMEWORK_HEADER = YES;
				CLANG_WARN_RANGE_LOOP_ANALYSIS = YES;
				CLANG_WARN_STRICT_PROTOTYPES = YES;
				CLANG_WARN_SUSPICIOUS_MOVE = YES;
				CLANG_WARN_UNGUARDED_AVAILABILITY = YES_AGGRESSIVE;
				CLANG_WARN_UNREACHABLE_CODE = YES;
				CLANG_WARN__DUPLICATE_METHOD_MATCH = YES;
				COPY_PHASE_STRIP = NO;
				DEBUG_INFORMATION_FORMAT = "dwarf-with-dsym";
				ENABLE_NS_ASSERTIONS = NO;
				ENABLE_STRICT_OBJC_MSGSEND = YES;
				ENABLE_USER_SCRIPT_SANDBOXING = YES;
				GCC_C_LANGUAGE_STANDARD = gnu17;
				GCC_NO_COMMON_BLOCKS = YES;
				GCC_WARN_64_TO_32_BIT_CONVERSION = YES;
				GCC_WARN_ABOUT_RETURN_TYPE = YES_ERROR;
				GCC_WARN_UNDECLARED_SELECTOR = YES;
				GCC_WARN_UNINITIALIZED_AUTOS = YES_AGGRESSIVE;
				GCC_WARN_UNUSED_FUNCTION = YES;
				GCC_WARN_UNUSED_VARIABLE = YES;
				IPHONEOS_DEPLOYMENT_TARGET = 17.5;
				LOCALIZATION_PREFERS_STRING_CATALOGS = YES;
				MTL_ENABLE_DEBUG_INFO = NO;
				MTL_FAST_MATH = YES;
				SDKROOT = iphoneos;
				SWIFT_COMPILATION_MODE = wholemodule;
				VALIDATE_PRODUCT = YES;
			};
			name = Release;
		};
		22D2313E2FB32FFA00D8D9F0 /* Debug */ = {
			isa = XCBuildConfiguration;
			buildSettings = {
				ASSETCATALOG_COMPILER_APPICON_NAME = AppIcon;
				ASSETCATALOG_COMPILER_GLOBAL_ACCENT_COLOR_NAME = AccentColor;
				CODE_SIGN_STYLE = Automatic;
				CURRENT_PROJECT_VERSION = 1;
				DEVELOPMENT_ASSET_PATHS = "\"MY_EC51/Preview Content\"";
				ENABLE_PREVIEWS = YES;
				GENERATE_INFOPLIST_FILE = YES;
				INFOPLIST_KEY_UIApplicationSceneManifest_Generation = YES;
				INFOPLIST_KEY_UIApplicationSupportsIndirectInputEvents = YES;
				INFOPLIST_KEY_UILaunchScreen_Generation = YES;
				INFOPLIST_KEY_UISupportedInterfaceOrientations_iPad = "UIInterfaceOrientationPortrait UIInterfaceOrientationPortraitUpsideDown UIInterfaceOrientationLandscapeLeft UIInterfaceOrientationLandscapeRight";
				INFOPLIST_KEY_UISupportedInterfaceOrientations_iPhone = "UIInterfaceOrientationPortrait UIInterfaceOrientationLandscapeLeft UIInterfaceOrientationLandscapeRight";
				LD_RUNPATH_SEARCH_PATHS = (
					"$(inherited)",
					"@executable_path/Frameworks",
				);
				MARKETING_VERSION = 1.0;
				PRODUCT_BUNDLE_IDENTIFIER = "allexceed.MY-EC51";
				PRODUCT_NAME = "$(TARGET_NAME)";
				SWIFT_EMIT_LOC_STRINGS = YES;
				SWIFT_VERSION = 5.0;
				TARGETED_DEVICE_FAMILY = "1,2";
			};
			name = Debug;
		};
		22D2313F2FB32FFA00D8D9F0 /* Release */ = {
			isa = XCBuildConfiguration;
			buildSettings = {
				ASSETCATALOG_COMPILER_APPICON_NAME = AppIcon;
				ASSETCATALOG_COMPILER_GLOBAL_ACCENT_COLOR_NAME = AccentColor;
				CODE_SIGN_STYLE = Automatic;
				CURRENT_PROJECT_VERSION = 1;
				DEVELOPMENT_ASSET_PATHS = "\"MY_EC51/Preview Content\"";
				ENABLE_PREVIEWS = YES;
				GENERATE_INFOPLIST_FILE = YES;
				INFOPLIST_KEY_UIApplicationSceneManifest_Generation = YES;
				INFOPLIST_KEY_UIApplicationSupportsIndirectInputEvents = YES;
				INFOPLIST_KEY_UILaunchScreen_Generation = YES;
				INFOPLIST_KEY_UISupportedInterfaceOrientations_iPad = "UIInterfaceOrientationPortrait UIInterfaceOrientationPortraitUpsideDown UIInterfaceOrientationLandscapeLeft UIInterfaceOrientationLandscapeRight";
				INFOPLIST_KEY_UISupportedInterfaceOrientations_iPhone = "UIInterfaceOrientationPortrait UIInterfaceOrientationLandscapeLeft UIInterfaceOrientationLandscapeRight";
				LD_RUNPATH_SEARCH_PATHS = (
					"$(inherited)",
					"@executable_path/Frameworks",
				);
				MARKETING_VERSION = 1.0;
				PRODUCT_BUNDLE_IDENTIFIER = "allexceed.MY-EC51";
				PRODUCT_NAME = "$(TARGET_NAME)";
				SWIFT_EMIT_LOC_STRINGS = YES;
				SWIFT_VERSION = 5.0;
				TARGETED_DEVICE_FAMILY = "1,2";
			};
			name = Release;
		};
/* End XCBuildConfiguration section */

/* Begin XCConfigurationList section */
		22D2312A2FB32FF700D8D9F0 /* Build configuration list for PBXProject "MY_EC51" */ = {
			isa = XCConfigurationList;
			buildConfigurations = (
				22D2313B2FB32FFA00D8D9F0 /* Debug */,
				22D2313C2FB32FFA00D8D9F0 /* Release */,
			);
			defaultConfigurationIsVisible = 0;
			defaultConfigurationName = Release;
		};
		22D2313D2FB32FFA00D8D9F0 /* Build configuration list for PBXNativeTarget "MY_EC51" */ = {
			isa = XCConfigurationList;
			buildConfigurations = (
				22D2313E2FB32FFA00D8D9F0 /* Debug */,
				22D2313F2FB32FFA00D8D9F0 /* Release */,
			);
			defaultConfigurationIsVisible = 0;
			defaultConfigurationName = Release;
		};
/* End XCConfigurationList section */
	};
	rootObject = 22D231272FB32FF700D8D9F0 /* Project object */;
}
