// !$*UTF8*$!
{
	archiveVersion = 1;
	classes = {
	};
	objectVersion = 56;
	objects = {

/* Begin PBXBuildFile section */
		2259963E2FB4532B00F30E41 /* AlxButton.swift in Sources */ = {isa = PBXBuildFile; fileRef = 2259963D2FB4532B00F30E41 /* AlxButton.swift */; };
		225996402FB45A0100F30E41 /* AlxVariant.swift in Sources */ = {isa = PBXBuildFile; fileRef = 2259963F2FB45A0100F30E41 /* AlxVariant.swift */; };
		227D9B892FB4349500D2E979 /* LoginView.swift in Sources */ = {isa = PBXBuildFile; fileRef = 227D9B882FB4349500D2E979 /* LoginView.swift */; };
		227D9B8D2FB434C500D2E979 /* LoginViewModel.swift in Sources */ = {isa = PBXBuildFile; fileRef = 227D9B8C2FB434C500D2E979 /* LoginViewModel.swift */; };
		227D9B8F2FB434D900D2E979 /* MainView.swift in Sources */ = {isa = PBXBuildFile; fileRef = 227D9B8E2FB434D900D2E979 /* MainView.swift */; };
		22A9F7E22FB4616500086B81 /* AlxColor.swift in Sources */ = {isa = PBXBuildFile; fileRef = 22A9F7E12FB4616500086B81 /* AlxColor.swift */; };
		22A9F7E62FB473CE00086B81 /* AlxTextField.swift in Sources */ = {isa = PBXBuildFile; fileRef = 22A9F7E52FB473CE00086B81 /* AlxTextField.swift */; };
		22A9F7E82FB47C8100086B81 /* AlxInputField.swift in Sources */ = {isa = PBXBuildFile; fileRef = 22A9F7E72FB47C8100086B81 /* AlxInputField.swift */; };
		22A9F7EB2FB482B700086B81 /* APIClient.swift in Sources */ = {isa = PBXBuildFile; fileRef = 22A9F7EA2FB482B700086B81 /* APIClient.swift */; };
		22A9F7F92FB56E5000086B81 /* DashboardView.swift in Sources */ = {isa = PBXBuildFile; fileRef = 22A9F7F82FB56E5000086B81 /* DashboardView.swift */; };
		22A9F7FB2FB56E5F00086B81 /* DashboardViewModel.swift in Sources */ = {isa = PBXBuildFile; fileRef = 22A9F7FA2FB56E5F00086B81 /* DashboardViewModel.swift */; };
		22A9F8002FB56EF900086B81 /* ProductView.swift in Sources */ = {isa = PBXBuildFile; fileRef = 22A9F7FF2FB56EF900086B81 /* ProductView.swift */; };
		22A9F8022FB56F0700086B81 /* ProductViewModel.swift in Sources */ = {isa = PBXBuildFile; fileRef = 22A9F8012FB56F0700086B81 /* ProductViewModel.swift */; };
		22A9F8042FB56F1900086B81 /* InventoryView.swift in Sources */ = {isa = PBXBuildFile; fileRef = 22A9F8032FB56F1900086B81 /* InventoryView.swift */; };
		22A9F8062FB56F2A00086B81 /* InventoryViewModel.swift in Sources */ = {isa = PBXBuildFile; fileRef = 22A9F8052FB56F2A00086B81 /* InventoryViewModel.swift */; };
		22A9F8082FB56F3800086B81 /* ProfileView.swift in Sources */ = {isa = PBXBuildFile; fileRef = 22A9F8072FB56F3800086B81 /* ProfileView.swift */; };
		22A9F80A2FB56F4B00086B81 /* ProfileViewModel.swift in Sources */ = {isa = PBXBuildFile; fileRef = 22A9F8092FB56F4B00086B81 /* ProfileViewModel.swift */; };
		22A9F80E2FB575C700086B81 /* DashboardMetricCardView.swift in Sources */ = {isa = PBXBuildFile; fileRef = 22A9F80D2FB575C700086B81 /* DashboardMetricCardView.swift */; };
		22A9F8102FB5AB1100086B81 /* AlxScreenHeader.swift in Sources */ = {isa = PBXBuildFile; fileRef = 22A9F80F2FB5AB1100086B81 /* AlxScreenHeader.swift */; };
		22A9F8122FB5B49B00086B81 /* AlxBasicLayout.swift in Sources */ = {isa = PBXBuildFile; fileRef = 22A9F8112FB5B49B00086B81 /* AlxBasicLayout.swift */; };
		22A9F8142FB5BD3100086B81 /* AlxCard.swift in Sources */ = {isa = PBXBuildFile; fileRef = 22A9F8132FB5BD3100086B81 /* AlxCard.swift */; };
		22A9F8182FB5BDF000086B81 /* TopSellingProductView.swift in Sources */ = {isa = PBXBuildFile; fileRef = 22A9F8172FB5BDF000086B81 /* TopSellingProductView.swift */; };
		22A9F81A2FB5C63300086B81 /* AlxIcon.swift in Sources */ = {isa = PBXBuildFile; fileRef = 22A9F8192FB5C63300086B81 /* AlxIcon.swift */; };
		22D231332FB32FF700D8D9F0 /* MY_EC51App.swift in Sources */ = {isa = PBXBuildFile; fileRef = 22D231322FB32FF700D8D9F0 /* MY_EC51App.swift */; };
		22D231352FB32FF700D8D9F0 /* AppBackground.swift in Sources */ = {isa = PBXBuildFile; fileRef = 22D231342FB32FF700D8D9F0 /* AppBackground.swift */; };
		22D231372FB32FFA00D8D9F0 /* Assets.xcassets in Resources */ = {isa = PBXBuildFile; fileRef = 22D231362FB32FFA00D8D9F0 /* Assets.xcassets */; };
		22D2313A2FB32FFA00D8D9F0 /* Preview Assets.xcassets in Resources */ = {isa = PBXBuildFile; fileRef = 22D231392FB32FFA00D8D9F0 /* Preview Assets.xcassets */; };
		A20000000000000000000001 /* AppEnvironment.swift in Sources */ = {isa = PBXBuildFile; fileRef = A10000000000000000000001 /* AppEnvironment.swift */; };
		A20000000000000000000002 /* AppRootView.swift in Sources */ = {isa = PBXBuildFile; fileRef = A10000000000000000000002 /* AppRootView.swift */; };
		A20000000000000000000003 /* AppState.swift in Sources */ = {isa = PBXBuildFile; fileRef = A10000000000000000000003 /* AppState.swift */; };
		A20000000000000000000004 /* UserSessionStore.swift in Sources */ = {isa = PBXBuildFile; fileRef = A10000000000000000000004 /* UserSessionStore.swift */; };
		A20000000000000000000005 /* NavigationCoordinator.swift in Sources */ = {isa = PBXBuildFile; fileRef = A10000000000000000000005 /* NavigationCoordinator.swift */; };
		A20000000000000000000006 /* UserSession.swift in Sources */ = {isa = PBXBuildFile; fileRef = A10000000000000000000006 /* UserSession.swift */; };
		A20000000000000000000007 /* AuthRepositoryProtocol.swift in Sources */ = {isa = PBXBuildFile; fileRef = A10000000000000000000007 /* AuthRepositoryProtocol.swift */; };
		A20000000000000000000008 /* LoginUseCase.swift in Sources */ = {isa = PBXBuildFile; fileRef = A10000000000000000000008 /* LoginUseCase.swift */; };
		A20000000000000000000009 /* AuthDTOs.swift in Sources */ = {isa = PBXBuildFile; fileRef = A10000000000000000000009 /* AuthDTOs.swift */; };
		A2000000000000000000000B /* AuthRepository.swift in Sources */ = {isa = PBXBuildFile; fileRef = A1000000000000000000000B /* AuthRepository.swift */; };
		A2000000000000000000000C /* AlxFont.swift in Sources */ = {isa = PBXBuildFile; fileRef = A10000000000000000000016 /* AlxFont.swift */; };
		A2000000000000000000000D /* AlxText.swift in Sources */ = {isa = PBXBuildFile; fileRef = A10000000000000000000017 /* AlxText.swift */; };
		A2000000000000000000000E /* BeVietnamPro-Regular.ttf in Resources */ = {isa = PBXBuildFile; fileRef = A1000000000000000000001A /* BeVietnamPro-Regular.ttf */; };
		A2000000000000000000000F /* BeVietnamPro-Medium.ttf in Resources */ = {isa = PBXBuildFile; fileRef = A1000000000000000000001B /* BeVietnamPro-Medium.ttf */; };
		A20000000000000000000010 /* BeVietnamPro-SemiBold.ttf in Resources */ = {isa = PBXBuildFile; fileRef = A1000000000000000000001C /* BeVietnamPro-SemiBold.ttf */; };
		A20000000000000000000011 /* BeVietnamPro-Bold.ttf in Resources */ = {isa = PBXBuildFile; fileRef = A1000000000000000000001D /* BeVietnamPro-Bold.ttf */; };
/* End PBXBuildFile section */

/* Begin PBXFileReference section */
		2259963D2FB4532B00F30E41 /* AlxButton.swift */ = {isa = PBXFileReference; lastKnownFileType = sourcecode.swift; path = AlxButton.swift; sourceTree = "<group>"; };
		2259963F2FB45A0100F30E41 /* AlxVariant.swift */ = {isa = PBXFileReference; lastKnownFileType = sourcecode.swift; path = AlxVariant.swift; sourceTree = "<group>"; };
		227D9B882FB4349500D2E979 /* LoginView.swift */ = {isa = PBXFileReference; lastKnownFileType = sourcecode.swift; path = LoginView.swift; sourceTree = "<group>"; };
		227D9B8C2FB434C500D2E979 /* LoginViewModel.swift */ = {isa = PBXFileReference; lastKnownFileType = sourcecode.swift; path = LoginViewModel.swift; sourceTree = "<group>"; };
		227D9B8E2FB434D900D2E979 /* MainView.swift */ = {isa = PBXFileReference; lastKnownFileType = sourcecode.swift; path = MainView.swift; sourceTree = "<group>"; };
		22A9F7E12FB4616500086B81 /* AlxColor.swift */ = {isa = PBXFileReference; lastKnownFileType = sourcecode.swift; path = AlxColor.swift; sourceTree = "<group>"; };
		22A9F7E52FB473CE00086B81 /* AlxTextField.swift */ = {isa = PBXFileReference; lastKnownFileType = sourcecode.swift; path = AlxTextField.swift; sourceTree = "<group>"; };
		22A9F7E72FB47C8100086B81 /* AlxInputField.swift */ = {isa = PBXFileReference; lastKnownFileType = sourcecode.swift; path = AlxInputField.swift; sourceTree = "<group>"; };
		22A9F7EA2FB482B700086B81 /* APIClient.swift */ = {isa = PBXFileReference; lastKnownFileType = sourcecode.swift; path = APIClient.swift; sourceTree = "<group>"; };
		22A9F7F82FB56E5000086B81 /* DashboardView.swift */ = {isa = PBXFileReference; lastKnownFileType = sourcecode.swift; path = DashboardView.swift; sourceTree = "<group>"; };
		22A9F7FA2FB56E5F00086B81 /* DashboardViewModel.swift */ = {isa = PBXFileReference; lastKnownFileType = sourcecode.swift; path = DashboardViewModel.swift; sourceTree = "<group>"; };
		22A9F7FF2FB56EF900086B81 /* ProductView.swift */ = {isa = PBXFileReference; lastKnownFileType = sourcecode.swift; path = ProductView.swift; sourceTree = "<group>"; };
		22A9F8012FB56F0700086B81 /* ProductViewModel.swift */ = {isa = PBXFileReference; lastKnownFileType = sourcecode.swift; path = ProductViewModel.swift; sourceTree = "<group>"; };
		22A9F8032FB56F1900086B81 /* InventoryView.swift */ = {isa = PBXFileReference; lastKnownFileType = sourcecode.swift; path = InventoryView.swift; sourceTree = "<group>"; };
		22A9F8052FB56F2A00086B81 /* InventoryViewModel.swift */ = {isa = PBXFileReference; lastKnownFileType = sourcecode.swift; path = InventoryViewModel.swift; sourceTree = "<group>"; };
		22A9F8072FB56F3800086B81 /* ProfileView.swift */ = {isa = PBXFileReference; lastKnownFileType = sourcecode.swift; path = ProfileView.swift; sourceTree = "<group>"; };
		22A9F8092FB56F4B00086B81 /* ProfileViewModel.swift */ = {isa = PBXFileReference; lastKnownFileType = sourcecode.swift; path = ProfileViewModel.swift; sourceTree = "<group>"; };
		22A9F80D2FB575C700086B81 /* DashboardMetricCardView.swift */ = {isa = PBXFileReference; lastKnownFileType = sourcecode.swift; path = DashboardMetricCardView.swift; sourceTree = "<group>"; };
		22A9F80F2FB5AB1100086B81 /* AlxScreenHeader.swift */ = {isa = PBXFileReference; lastKnownFileType = sourcecode.swift; path = AlxScreenHeader.swift; sourceTree = "<group>"; };
		22A9F8112FB5B49B00086B81 /* AlxBasicLayout.swift */ = {isa = PBXFileReference; lastKnownFileType = sourcecode.swift; path = AlxBasicLayout.swift; sourceTree = "<group>"; };
		22A9F8132FB5BD3100086B81 /* AlxCard.swift */ = {isa = PBXFileReference; lastKnownFileType = sourcecode.swift; path = AlxCard.swift; sourceTree = "<group>"; };
		22A9F8172FB5BDF000086B81 /* TopSellingProductView.swift */ = {isa = PBXFileReference; lastKnownFileType = sourcecode.swift; path = TopSellingProductView.swift; sourceTree = "<group>"; };
		22A9F8192FB5C63300086B81 /* AlxIcon.swift */ = {isa = PBXFileReference; lastKnownFileType = sourcecode.swift; path = AlxIcon.swift; sourceTree = "<group>"; };
		22D2312F2FB32FF700D8D9F0 /* MY_EC51.app */ = {isa = PBXFileReference; explicitFileType = wrapper.application; includeInIndex = 0; path = MY_EC51.app; sourceTree = BUILT_PRODUCTS_DIR; };
		22D231322FB32FF700D8D9F0 /* MY_EC51App.swift */ = {isa = PBXFileReference; lastKnownFileType = sourcecode.swift; path = MY_EC51App.swift; sourceTree = "<group>"; };
		22D231342FB32FF700D8D9F0 /* AppBackground.swift */ = {isa = PBXFileReference; lastKnownFileType = sourcecode.swift; path = AppBackground.swift; sourceTree = "<group>"; };
		22D231362FB32FFA00D8D9F0 /* Assets.xcassets */ = {isa = PBXFileReference; lastKnownFileType = folder.assetcatalog; path = Assets.xcassets; sourceTree = "<group>"; };
		22D231392FB32FFA00D8D9F0 /* Preview Assets.xcassets */ = {isa = PBXFileReference; lastKnownFileType = folder.assetcatalog; path = "Preview Assets.xcassets"; sourceTree = "<group>"; };
		A10000000000000000000001 /* AppEnvironment.swift */ = {isa = PBXFileReference; lastKnownFileType = sourcecode.swift; path = AppEnvironment.swift; sourceTree = "<group>"; };
		A10000000000000000000002 /* AppRootView.swift */ = {isa = PBXFileReference; lastKnownFileType = sourcecode.swift; path = AppRootView.swift; sourceTree = "<group>"; };
		A10000000000000000000003 /* AppState.swift */ = {isa = PBXFileReference; lastKnownFileType = sourcecode.swift; path = AppState.swift; sourceTree = "<group>"; };
		A10000000000000000000004 /* UserSessionStore.swift */ = {isa = PBXFileReference; lastKnownFileType = sourcecode.swift; path = UserSessionStore.swift; sourceTree = "<group>"; };
		A10000000000000000000005 /* NavigationCoordinator.swift */ = {isa = PBXFileReference; lastKnownFileType = sourcecode.swift; path = NavigationCoordinator.swift; sourceTree = "<group>"; };
		A10000000000000000000006 /* UserSession.swift */ = {isa = PBXFileReference; lastKnownFileType = sourcecode.swift; path = UserSession.swift; sourceTree = "<group>"; };
		A10000000000000000000007 /* AuthRepositoryProtocol.swift */ = {isa = PBXFileReference; lastKnownFileType = sourcecode.swift; path = AuthRepositoryProtocol.swift; sourceTree = "<group>"; };
		A10000000000000000000008 /* LoginUseCase.swift */ = {isa = PBXFileReference; lastKnownFileType = sourcecode.swift; path = LoginUseCase.swift; sourceTree = "<group>"; };
		A10000000000000000000009 /* AuthDTOs.swift */ = {isa = PBXFileReference; lastKnownFileType = sourcecode.swift; path = AuthDTOs.swift; sourceTree = "<group>"; };
		A1000000000000000000000B /* AuthRepository.swift */ = {isa = PBXFileReference; lastKnownFileType = sourcecode.swift; path = AuthRepository.swift; sourceTree = "<group>"; };
		A10000000000000000000016 /* AlxFont.swift */ = {isa = PBXFileReference; lastKnownFileType = sourcecode.swift; path = AlxFont.swift; sourceTree = "<group>"; };
		A10000000000000000000017 /* AlxText.swift */ = {isa = PBXFileReference; lastKnownFileType = sourcecode.swift; path = AlxText.swift; sourceTree = "<group>"; };
		A1000000000000000000001A /* BeVietnamPro-Regular.ttf */ = {isa = PBXFileReference; lastKnownFileType = file; path = "BeVietnamPro-Regular.ttf"; sourceTree = "<group>"; };
		A1000000000000000000001B /* BeVietnamPro-Medium.ttf */ = {isa = PBXFileReference; lastKnownFileType = file; path = "BeVietnamPro-Medium.ttf"; sourceTree = "<group>"; };
		A1000000000000000000001C /* BeVietnamPro-SemiBold.ttf */ = {isa = PBXFileReference; lastKnownFileType = file; path = "BeVietnamPro-SemiBold.ttf"; sourceTree = "<group>"; };
		A1000000000000000000001D /* BeVietnamPro-Bold.ttf */ = {isa = PBXFileReference; lastKnownFileType = file; path = "BeVietnamPro-Bold.ttf"; sourceTree = "<group>"; };
/* End PBXFileReference section */

/* Begin PBXFrameworksBuildPhase section */
		22D2312C2FB32FF700D8D9F0 /* Frameworks */ = {
			isa = PBXFrameworksBuildPhase;
			buildActionMask = 2147483647;
			files = (
			);
			runOnlyForDeploymentPostprocessing = 0;
		};
/* End PBXFrameworksBuildPhase section */

/* Begin PBXGroup section */
		227D9B7F2FB4300E00D2E979 /* App */ = {
			isa = PBXGroup;
			children = (
				22D231322FB32FF700D8D9F0 /* MY_EC51App.swift */,
				A10000000000000000000001 /* AppEnvironment.swift */,
				A10000000000000000000002 /* AppRootView.swift */,
				A10000000000000000000003 /* AppState.swift */,
			);
			name = App;
			sourceTree = "<group>";
		};
		227D9B802FB433BA00D2E979 /* Core */ = {
			isa = PBXGroup;
			children = (
				22A9F7E92FB4829F00086B81 /* Network */,
				A1000000000000000000000C /* Storage */,
				A1000000000000000000000D /* Routing */,
				227D9B852FB4343E00D2E979 /* Components */,
				227D9B842FB4340800D2E979 /* Utils */,
				227D9B822FB433D200D2E979 /* Define */,
			);
			path = Core;
			sourceTree = "<group>";
		};
		227D9B812FB433C200D2E979 /* Features */ = {
			isa = PBXGroup;
			children = (
				22A9F7FE2FB56EDD00086B81 /* Profile */,
				22A9F7FD2FB56ED700086B81 /* Inventory */,
				22A9F7FC2FB56EB600086B81 /* Product */,
				22A9F7F72FB56E2300086B81 /* Dashboard */,
				227D9B872FB4346B00D2E979 /* Main */,
				227D9B862FB4344700D2E979 /* Login */,
			);
			path = Features;
			sourceTree = "<group>";
		};
		227D9B822FB433D200D2E979 /* Define */ = {
			isa = PBXGroup;
			children = (
				A10000000000000000000016 /* AlxFont.swift */,
				2259963F2FB45A0100F30E41 /* AlxVariant.swift */,
				22A9F7E12FB4616500086B81 /* AlxColor.swift */,
			);
			path = Define;
			sourceTree = "<group>";
		};
		227D9B842FB4340800D2E979 /* Utils */ = {
			isa = PBXGroup;
			children = (
			);
			path = Utils;
			sourceTree = "<group>";
		};
		227D9B852FB4343E00D2E979 /* Components */ = {
			isa = PBXGroup;
			children = (
				2259963D2FB4532B00F30E41 /* AlxButton.swift */,
				22D231342FB32FF700D8D9F0 /* AppBackground.swift */,
				A10000000000000000000017 /* AlxText.swift */,
				22A9F7E52FB473CE00086B81 /* AlxTextField.swift */,
				22A9F7E72FB47C8100086B81 /* AlxInputField.swift */,
				22A9F80F2FB5AB1100086B81 /* AlxScreenHeader.swift */,
				22A9F8112FB5B49B00086B81 /* AlxBasicLayout.swift */,
				22A9F8132FB5BD3100086B81 /* AlxCard.swift */,
				22A9F8192FB5C63300086B81 /* AlxIcon.swift */,
			);
			path = Components;
			sourceTree = "<group>";
		};
		227D9B862FB4344700D2E979 /* Login */ = {
			isa = PBXGroup;
			children = (
				227D9B882FB4349500D2E979 /* LoginView.swift */,
				227D9B8C2FB434C500D2E979 /* LoginViewModel.swift */,
			);
			path = Login;
			sourceTree = "<group>";
		};
		227D9B872FB4346B00D2E979 /* Main */ = {
			isa = PBXGroup;
			children = (
				227D9B8E2FB434D900D2E979 /* MainView.swift */,
			);
			path = Main;
			sourceTree = "<group>";
		};
		22A9F7E92FB4829F00086B81 /* Network */ = {
			isa = PBXGroup;
			children = (
				22A9F7EA2FB482B700086B81 /* APIClient.swift */,
			);
			path = Network;
			sourceTree = "<group>";
		};
		22A9F7F72FB56E2300086B81 /* Dashboard */ = {
			isa = PBXGroup;
			children = (
				22A9F80C2FB5759400086B81 /* Components */,
				22A9F7F82FB56E5000086B81 /* DashboardView.swift */,
				22A9F7FA2FB56E5F00086B81 /* DashboardViewModel.swift */,
			);
			path = Dashboard;
			sourceTree = "<group>";
		};
		22A9F7FC2FB56EB600086B81 /* Product */ = {
			isa = PBXGroup;
			children = (
				22A9F7FF2FB56EF900086B81 /* ProductView.swift */,
				22A9F8012FB56F0700086B81 /* ProductViewModel.swift */,
			);
			path = Product;
			sourceTree = "<group>";
		};
		22A9F7FD2FB56ED700086B81 /* Inventory */ = {
			isa = PBXGroup;
			children = (
				22A9F8032FB56F1900086B81 /* InventoryView.swift */,
				22A9F8052FB56F2A00086B81 /* InventoryViewModel.swift */,
			);
			path = Inventory;
			sourceTree = "<group>";
		};
		22A9F7FE2FB56EDD00086B81 /* Profile */ = {
			isa = PBXGroup;
			children = (
				22A9F8072FB56F3800086B81 /* ProfileView.swift */,
				22A9F8092FB56F4B00086B81 /* ProfileViewModel.swift */,
			);
			path = Profile;
			sourceTree = "<group>";
		};
		22A9F80C2FB5759400086B81 /* Components */ = {
			isa = PBXGroup;
			children = (
				22A9F8162FB5BDBF00086B81 /* TopSellingProduct */,
				22A9F8152FB5BDB100086B81 /* DashboardMetricCard */,
			);
			path = Components;
			sourceTree = "<group>";
		};
		22A9F8152FB5BDB100086B81 /* DashboardMetricCard */ = {
			isa = PBXGroup;
			children = (
				22A9F80D2FB575C700086B81 /* DashboardMetricCardView.swift */,
			);
			path = DashboardMetricCard;
			sourceTree = "<group>";
		};
		22A9F8162FB5BDBF00086B81 /* TopSellingProduct */ = {
			isa = PBXGroup;
			children = (
				22A9F8172FB5BDF000086B81 /* TopSellingProductView.swift */,
			);
			path = TopSellingProduct;
			sourceTree = "<group>";
		};
		22D231262FB32FF700D8D9F0 = {
			isa = PBXGroup;
			children = (
				22D231312FB32FF700D8D9F0 /* MY_EC51 */,
				22D231302FB32FF700D8D9F0 /* Products */,
			);
			sourceTree = "<group>";
		};
		22D231302FB32FF700D8D9F0 /* Products */ = {
			isa = PBXGroup;
			children = (
				22D2312F2FB32FF700D8D9F0 /* MY_EC51.app */,
			);
			name = Products;
			sourceTree = "<group>";
		};
		22D231312FB32FF700D8D9F0 /* MY_EC51 */ = {
			isa = PBXGroup;
			children = (
				A1000000000000000000000E /* Domain */,
				A10000000000000000000012 /* Data */,
				227D9B812FB433C200D2E979 /* Features */,
				227D9B802FB433BA00D2E979 /* Core */,
				227D9B7F2FB4300E00D2E979 /* App */,
				A10000000000000000000018 /* Resources */,
				22D231362FB32FFA00D8D9F0 /* Assets.xcassets */,
				22D231382FB32FFA00D8D9F0 /* Preview Content */,
			);
			path = MY_EC51;
			sourceTree = "<group>";
		};
		22D231382FB32FFA00D8D9F0 /* Preview Content */ = {
			isa = PBXGroup;
			children = (
				22D231392FB32FFA00D8D9F0 /* Preview Assets.xcassets */,
			);
			path = "Preview Content";
			sourceTree = "<group>";
		};
		A1000000000000000000000C /* Storage */ = {
			isa = PBXGroup;
			children = (
				A10000000000000000000004 /* UserSessionStore.swift */,
			);
			path = Storage;
			sourceTree = "<group>";
		};
		A1000000000000000000000D /* Routing */ = {
			isa = PBXGroup;
			children = (
				A10000000000000000000005 /* NavigationCoordinator.swift */,
			);
			path = Routing;
			sourceTree = "<group>";
		};
		A1000000000000000000000E /* Domain */ = {
			isa = PBXGroup;
			children = (
				A1000000000000000000000F /* Models */,
				A10000000000000000000010 /* Repositories */,
				A10000000000000000000011 /* UseCases */,
			);
			path = Domain;
			sourceTree = "<group>";
		};
		A1000000000000000000000F /* Models */ = {
			isa = PBXGroup;
			children = (
				A10000000000000000000006 /* UserSession.swift */,
			);
			path = Models;
			sourceTree = "<group>";
		};
		A10000000000000000000010 /* Repositories */ = {
			isa = PBXGroup;
			children = (
				A10000000000000000000007 /* AuthRepositoryProtocol.swift */,
			);
			path = Repositories;
			sourceTree = "<group>";
		};
		A10000000000000000000011 /* UseCases */ = {
			isa = PBXGroup;
			children = (
				A10000000000000000000008 /* LoginUseCase.swift */,
			);
			path = UseCases;
			sourceTree = "<group>";
		};
		A10000000000000000000012 /* Data */ = {
			isa = PBXGroup;
			children = (
				A10000000000000000000013 /* DTOs */,
				A10000000000000000000015 /* Repositories */,
			);
			path = Data;
			sourceTree = "<group>";
		};
		A10000000000000000000013 /* DTOs */ = {
			isa = PBXGroup;
			children = (
				A10000000000000000000009 /* AuthDTOs.swift */,
			);
			path = DTOs;
			sourceTree = "<group>";
		};
		A10000000000000000000015 /* Repositories */ = {
			isa = PBXGroup;
			children = (
				A1000000000000000000000B /* AuthRepository.swift */,
			);
			path = Repositories;
			sourceTree = "<group>";
		};
		A10000000000000000000018 /* Resources */ = {
			isa = PBXGroup;
			children = (
				A10000000000000000000019 /* Fonts */,
			);
			path = Resources;
			sourceTree = "<group>";
		};
		A10000000000000000000019 /* Fonts */ = {
			isa = PBXGroup;
			children = (
				A1000000000000000000001A /* BeVietnamPro-Regular.ttf */,
				A1000000000000000000001B /* BeVietnamPro-Medium.ttf */,
				A1000000000000000000001C /* BeVietnamPro-SemiBold.ttf */,
				A1000000000000000000001D /* BeVietnamPro-Bold.ttf */,
			);
			path = Fonts;
			sourceTree = "<group>";
		};
/* End PBXGroup section */

/* Begin PBXNativeTarget section */
		22D2312E2FB32FF700D8D9F0 /* MY_EC51 */ = {
			isa = PBXNativeTarget;
			buildConfigurationList = 22D2313D2FB32FFA00D8D9F0 /* Build configuration list for PBXNativeTarget "MY_EC51" */;
			buildPhases = (
				22D2312B2FB32FF700D8D9F0 /* Sources */,
				22D2312C2FB32FF700D8D9F0 /* Frameworks */,
				22D2312D2FB32FF700D8D9F0 /* Resources */,
			);
			buildRules = (
			);
			dependencies = (
			);
			name = MY_EC51;
			productName = MY_EC51;
			productReference = 22D2312F2FB32FF700D8D9F0 /* MY_EC51.app */;
			productType = "com.apple.product-type.application";
		};
/* End PBXNativeTarget section */

/* Begin PBXProject section */
		22D231272FB32FF700D8D9F0 /* Project object */ = {
			isa = PBXProject;
			attributes = {
				BuildIndependentTargetsInParallel = 1;
				LastSwiftUpdateCheck = 1540;
				LastUpgradeCheck = 1540;
				TargetAttributes = {
					22D2312E2FB32FF700D8D9F0 = {
						CreatedOnToolsVersion = 15.4;
					};
				};
			};
			buildConfigurationList = 22D2312A2FB32FF700D8D9F0 /* Build configuration list for PBXProject "MY_EC51" */;
			compatibilityVersion = "Xcode 14.0";
			developmentRegion = en;
			hasScannedForEncodings = 0;
			knownRegions = (
				en,
				Base,
			);
			mainGroup = 22D231262FB32FF700D8D9F0;
			productRefGroup = 22D231302FB32FF700D8D9F0 /* Products */;
			projectDirPath = "";
			projectRoot = "";
			targets = (
				22D2312E2FB32FF700D8D9F0 /* MY_EC51 */,
			);
		};
/* End PBXProject section */

/* Begin PBXResourcesBuildPhase section */
		22D2312D2FB32FF700D8D9F0 /* Resources */ = {
			isa = PBXResourcesBuildPhase;
			buildActionMask = 2147483647;
			files = (
				A2000000000000000000000E /* BeVietnamPro-Regular.ttf in Resources */,
				A2000000000000000000000F /* BeVietnamPro-Medium.ttf in Resources */,
				22D2313A2FB32FFA00D8D9F0 /* Preview Assets.xcassets in Resources */,
				A20000000000000000000010 /* BeVietnamPro-SemiBold.ttf in Resources */,
				A20000000000000000000011 /* BeVietnamPro-Bold.ttf in Resources */,
				22D231372FB32FFA00D8D9F0 /* Assets.xcassets in Resources */,
			);
			runOnlyForDeploymentPostprocessing = 0;
		};
/* End PBXResourcesBuildPhase section */

/* Begin PBXSourcesBuildPhase section */
		22D2312B2FB32FF700D8D9F0 /* Sources */ = {
			isa = PBXSourcesBuildPhase;
			buildActionMask = 2147483647;
			files = (
				A20000000000000000000002 /* AppRootView.swift in Sources */,
				227D9B8D2FB434C500D2E979 /* LoginViewModel.swift in Sources */,
				22A9F7E62FB473CE00086B81 /* AlxTextField.swift in Sources */,
				A2000000000000000000000D /* AlxText.swift in Sources */,
				22A9F7E22FB4616500086B81 /* AlxColor.swift in Sources */,
				A20000000000000000000008 /* LoginUseCase.swift in Sources */,
				227D9B892FB4349500D2E979 /* LoginView.swift in Sources */,
				22A9F8002FB56EF900086B81 /* ProductView.swift in Sources */,
				22A9F8062FB56F2A00086B81 /* InventoryViewModel.swift in Sources */,
				22A9F8102FB5AB1100086B81 /* AlxScreenHeader.swift in Sources */,
				22A9F7E82FB47C8100086B81 /* AlxInputField.swift in Sources */,
				22A9F8042FB56F1900086B81 /* InventoryView.swift in Sources */,
				22D231352FB32FF700D8D9F0 /* AppBackground.swift in Sources */,
				22A9F7FB2FB56E5F00086B81 /* DashboardViewModel.swift in Sources */,
				A2000000000000000000000B /* AuthRepository.swift in Sources */,
				22A9F7F92FB56E5000086B81 /* DashboardView.swift in Sources */,
				22A9F80E2FB575C700086B81 /* DashboardMetricCardView.swift in Sources */,
				A20000000000000000000004 /* UserSessionStore.swift in Sources */,
				22A9F8182FB5BDF000086B81 /* TopSellingProductView.swift in Sources */,
				227D9B8F2FB434D900D2E979 /* MainView.swift in Sources */,
				2259963E2FB4532B00F30E41 /* AlxButton.swift in Sources */,
				225996402FB45A0100F30E41 /* AlxVariant.swift in Sources */,
				A2000000000000000000000C /* AlxFont.swift in Sources */,
				22D231332FB32FF700D8D9F0 /* MY_EC51App.swift in Sources */,
				A20000000000000000000007 /* AuthRepositoryProtocol.swift in Sources */,
				22A9F8122FB5B49B00086B81 /* AlxBasicLayout.swift in Sources */,
				22A9F8022FB56F0700086B81 /* ProductViewModel.swift in Sources */,
				A20000000000000000000009 /* AuthDTOs.swift in Sources */,
				22A9F81A2FB5C63300086B81 /* AlxIcon.swift in Sources */,
				22A9F8142FB5BD3100086B81 /* AlxCard.swift in Sources */,
				A20000000000000000000003 /* AppState.swift in Sources */,
				A20000000000000000000005 /* NavigationCoordinator.swift in Sources */,
				22A9F80A2FB56F4B00086B81 /* ProfileViewModel.swift in Sources */,
				22A9F8082FB56F3800086B81 /* ProfileView.swift in Sources */,
				22A9F7EB2FB482B700086B81 /* APIClient.swift in Sources */,
				A20000000000000000000001 /* AppEnvironment.swift in Sources */,
				A20000000000000000000006 /* UserSession.swift in Sources */,
			);
			runOnlyForDeploymentPostprocessing = 0;
		};
/* End PBXSourcesBuildPhase section */

/* Begin XCBuildConfiguration section */
		22D2313B2FB32FFA00D8D9F0 /* Debug */ = {
			isa = XCBuildConfiguration;
			buildSettings = {
				ALWAYS_SEARCH_USER_PATHS = NO;
				ASSETCATALOG_COMPILER_GENERATE_SWIFT_ASSET_SYMBOL_EXTENSIONS = YES;
				CLANG_ANALYZER_NONNULL = YES;
				CLANG_ANALYZER_NUMBER_OBJECT_CONVERSION = YES_AGGRESSIVE;
				CLANG_CXX_LANGUAGE_STANDARD = "gnu++20";
				CLANG_ENABLE_MODULES = YES;
				CLANG_ENABLE_OBJC_ARC = YES;
				CLANG_ENABLE_OBJC_WEAK = YES;
				CLANG_WARN_BLOCK_CAPTURE_AUTORELEASING = YES;
				CLANG_WARN_BOOL_CONVERSION = YES;
				CLANG_WARN_COMMA = YES;
				CLANG_WARN_CONSTANT_CONVERSION = YES;
				CLANG_WARN_DEPRECATED_OBJC_IMPLEMENTATIONS = YES;
				CLANG_WARN_DIRECT_OBJC_ISA_USAGE = YES_ERROR;
				CLANG_WARN_DOCUMENTATION_COMMENTS = YES;
				CLANG_WARN_EMPTY_BODY = YES;
				CLANG_WARN_ENUM_CONVERSION = YES;
				CLANG_WARN_INFINITE_RECURSION = YES;
				CLANG_WARN_INT_CONVERSION = YES;
				CLANG_WARN_NON_LITERAL_NULL_CONVERSION = YES;
				CLANG_WARN_OBJC_IMPLICIT_RETAIN_SELF = YES;
				CLANG_WARN_OBJC_LITERAL_CONVERSION = YES;
				CLANG_WARN_OBJC_ROOT_CLASS = YES_ERROR;
				CLANG_WARN_QUOTED_INCLUDE_IN_FRAMEWORK_HEADER = YES;
				CLANG_WARN_RANGE_LOOP_ANALYSIS = YES;
				CLANG_WARN_STRICT_PROTOTYPES = YES;
				CLANG_WARN_SUSPICIOUS_MOVE = YES;
				CLANG_WARN_UNGUARDED_AVAILABILITY = YES_AGGRESSIVE;
				CLANG_WARN_UNREACHABLE_CODE = YES;
				CLANG_WARN__DUPLICATE_METHOD_MATCH = YES;
				COPY_PHASE_STRIP = NO;
				DEBUG_INFORMATION_FORMAT = dwarf;
				ENABLE_STRICT_OBJC_MSGSEND = YES;
				ENABLE_TESTABILITY = YES;
				ENABLE_USER_SCRIPT_SANDBOXING = YES;
				GCC_C_LANGUAGE_STANDARD = gnu17;
				GCC_DYNAMIC_NO_PIC = NO;
				GCC_NO_COMMON_BLOCKS = YES;
				GCC_OPTIMIZATION_LEVEL = 0;
				GCC_PREPROCESSOR_DEFINITIONS = (
					"DEBUG=1",
					"$(inherited)",
				);
				GCC_WARN_64_TO_32_BIT_CONVERSION = YES;
				GCC_WARN_ABOUT_RETURN_TYPE = YES_ERROR;
				GCC_WARN_UNDECLARED_SELECTOR = YES;
				GCC_WARN_UNINITIALIZED_AUTOS = YES_AGGRESSIVE;
				GCC_WARN_UNUSED_FUNCTION = YES;
				GCC_WARN_UNUSED_VARIABLE = YES;
				IPHONEOS_DEPLOYMENT_TARGET = 17.5;
				LOCALIZATION_PREFERS_STRING_CATALOGS = YES;
				MTL_ENABLE_DEBUG_INFO = INCLUDE_SOURCE;
				MTL_FAST_MATH = YES;
				ONLY_ACTIVE_ARCH = YES;
				SDKROOT = iphoneos;
				SWIFT_ACTIVE_COMPILATION_CONDITIONS = "DEBUG $(inherited)";
				SWIFT_OPTIMIZATION_LEVEL = "-Onone";
			};
			name = Debug;
		};
		22D2313C2FB32FFA00D8D9F0 /* Release */ = {
			isa = XCBuildConfiguration;
			buildSettings = {
				ALWAYS_SEARCH_USER_PATHS = NO;
				ASSETCATALOG_COMPILER_GENERATE_SWIFT_ASSET_SYMBOL_EXTENSIONS = YES;
				CLANG_ANALYZER_NONNULL = YES;
				CLANG_ANALYZER_NUMBER_OBJECT_CONVERSION = YES_AGGRESSIVE;
				CLANG_CXX_LANGUAGE_STANDARD = "gnu++20";
				CLANG_ENABLE_MODULES = YES;
				CLANG_ENABLE_OBJC_ARC = YES;
				CLANG_ENABLE_OBJC_WEAK = YES;
				CLANG_WARN_BLOCK_CAPTURE_AUTORELEASING = YES;
				CLANG_WARN_BOOL_CONVERSION = YES;
				CLANG_WARN_COMMA = YES;
				CLANG_WARN_CONSTANT_CONVERSION = YES;
				CLANG_WARN_DEPRECATED_OBJC_IMPLEMENTATIONS = YES;
				CLANG_WARN_DIRECT_OBJC_ISA_USAGE = YES_ERROR;
				CLANG_WARN_DOCUMENTATION_COMMENTS = YES;
				CLANG_WARN_EMPTY_BODY = YES;
				CLANG_WARN_ENUM_CONVERSION = YES;
				CLANG_WARN_INFINITE_RECURSION = YES;
				CLANG_WARN_INT_CONVERSION = YES;
				CLANG_WARN_NON_LITERAL_NULL_CONVERSION = YES;
				CLANG_WARN_OBJC_IMPLICIT_RETAIN_SELF = YES;
				CLANG_WARN_OBJC_LITERAL_CONVERSION = YES;
				CLANG_WARN_OBJC_ROOT_CLASS = YES_ERROR;
				CLANG_WARN_QUOTED_INCLUDE_IN_FRAMEWORK_HEADER = YES;
				CLANG_WARN_RANGE_LOOP_ANALYSIS = YES;
				CLANG_WARN_STRICT_PROTOTYPES = YES;
				CLANG_WARN_SUSPICIOUS_MOVE = YES;
				CLANG_WARN_UNGUARDED_AVAILABILITY = YES_AGGRESSIVE;
				CLANG_WARN_UNREACHABLE_CODE = YES;
				CLANG_WARN__DUPLICATE_METHOD_MATCH = YES;
				COPY_PHASE_STRIP = NO;
				DEBUG_INFORMATION_FORMAT = "dwarf-with-dsym";
				ENABLE_NS_ASSERTIONS = NO;
				ENABLE_STRICT_OBJC_MSGSEND = YES;
				ENABLE_USER_SCRIPT_SANDBOXING = YES;
				GCC_C_LANGUAGE_STANDARD = gnu17;
				GCC_NO_COMMON_BLOCKS = YES;
				GCC_WARN_64_TO_32_BIT_CONVERSION = YES;
				GCC_WARN_ABOUT_RETURN_TYPE = YES_ERROR;
				GCC_WARN_UNDECLARED_SELECTOR = YES;
				GCC_WARN_UNINITIALIZED_AUTOS = YES_AGGRESSIVE;
				GCC_WARN_UNUSED_FUNCTION = YES;
				GCC_WARN_UNUSED_VARIABLE = YES;
				IPHONEOS_DEPLOYMENT_TARGET = 17.5;
				LOCALIZATION_PREFERS_STRING_CATALOGS = YES;
				MTL_ENABLE_DEBUG_INFO = NO;
				MTL_FAST_MATH = YES;
				SDKROOT = iphoneos;
				SWIFT_COMPILATION_MODE = wholemodule;
				VALIDATE_PRODUCT = YES;
			};
			name = Release;
		};
		22D2313E2FB32FFA00D8D9F0 /* Debug */ = {
			isa = XCBuildConfiguration;
			buildSettings = {
				ASSETCATALOG_COMPILER_APPICON_NAME = AppIcon;
				ASSETCATALOG_COMPILER_GLOBAL_ACCENT_COLOR_NAME = AccentColor;
				CODE_SIGN_STYLE = Automatic;
				CURRENT_PROJECT_VERSION = 1;
				DEVELOPMENT_ASSET_PATHS = "\"MY_EC51/Preview Content\"";
				ENABLE_PREVIEWS = YES;
				GENERATE_INFOPLIST_FILE = YES;
				INFOPLIST_KEY_UIApplicationSceneManifest_Generation = YES;
				INFOPLIST_KEY_UIApplicationSupportsIndirectInputEvents = YES;
				INFOPLIST_KEY_UILaunchScreen_Generation = YES;
				INFOPLIST_KEY_UISupportedInterfaceOrientations_iPad = "UIInterfaceOrientationPortrait UIInterfaceOrientationPortraitUpsideDown UIInterfaceOrientationLandscapeLeft UIInterfaceOrientationLandscapeRight";
				INFOPLIST_KEY_UISupportedInterfaceOrientations_iPhone = "UIInterfaceOrientationPortrait UIInterfaceOrientationLandscapeLeft UIInterfaceOrientationLandscapeRight";
				LD_RUNPATH_SEARCH_PATHS = (
					"$(inherited)",
					"@executable_path/Frameworks",
				);
				MARKETING_VERSION = 1.0;
				PRODUCT_BUNDLE_IDENTIFIER = "allexceed.MY-EC51";
				PRODUCT_NAME = "$(TARGET_NAME)";
				SWIFT_EMIT_LOC_STRINGS = YES;
				SWIFT_VERSION = 5.0;
				TARGETED_DEVICE_FAMILY = "1,2";
			};
			name = Debug;
		};
		22D2313F2FB32FFA00D8D9F0 /* Release */ = {
			isa = XCBuildConfiguration;
			buildSettings = {
				ASSETCATALOG_COMPILER_APPICON_NAME = AppIcon;
				ASSETCATALOG_COMPILER_GLOBAL_ACCENT_COLOR_NAME = AccentColor;
				CODE_SIGN_STYLE = Automatic;
				CURRENT_PROJECT_VERSION = 1;
				DEVELOPMENT_ASSET_PATHS = "\"MY_EC51/Preview Content\"";
				ENABLE_PREVIEWS = YES;
				GENERATE_INFOPLIST_FILE = YES;
				INFOPLIST_KEY_UIApplicationSceneManifest_Generation = YES;
				INFOPLIST_KEY_UIApplicationSupportsIndirectInputEvents = YES;
				INFOPLIST_KEY_UILaunchScreen_Generation = YES;
				INFOPLIST_KEY_UISupportedInterfaceOrientations_iPad = "UIInterfaceOrientationPortrait UIInterfaceOrientationPortraitUpsideDown UIInterfaceOrientationLandscapeLeft UIInterfaceOrientationLandscapeRight";
				INFOPLIST_KEY_UISupportedInterfaceOrientations_iPhone = "UIInterfaceOrientationPortrait UIInterfaceOrientationLandscapeLeft UIInterfaceOrientationLandscapeRight";
				LD_RUNPATH_SEARCH_PATHS = (
					"$(inherited)",
					"@executable_path/Frameworks",
				);
				MARKETING_VERSION = 1.0;
				PRODUCT_BUNDLE_IDENTIFIER = "allexceed.MY-EC51";
				PRODUCT_NAME = "$(TARGET_NAME)";
				SWIFT_EMIT_LOC_STRINGS = YES;
				SWIFT_VERSION = 5.0;
				TARGETED_DEVICE_FAMILY = "1,2";
			};
			name = Release;
		};
/* End XCBuildConfiguration section */

/* Begin XCConfigurationList section */
		22D2312A2FB32FF700D8D9F0 /* Build configuration list for PBXProject "MY_EC51" */ = {
			isa = XCConfigurationList;
			buildConfigurations = (
				22D2313B2FB32FFA00D8D9F0 /* Debug */,
				22D2313C2FB32FFA00D8D9F0 /* Release */,
			);
			defaultConfigurationIsVisible = 0;
			defaultConfigurationName = Release;
		};
		22D2313D2FB32FFA00D8D9F0 /* Build configuration list for PBXNativeTarget "MY_EC51" */ = {
			isa = XCConfigurationList;
			buildConfigurations = (
				22D2313E2FB32FFA00D8D9F0 /* Debug */,
				22D2313F2FB32FFA00D8D9F0 /* Release */,
			);
			defaultConfigurationIsVisible = 0;
			defaultConfigurationName = Release;
		};
/* End XCConfigurationList section */
	};
	rootObject = 22D231272FB32FF700D8D9F0 /* Project object */;
}
